// !$*UTF8*$!
{
	archiveVersion = 1;
	classes = {
	};
	objectVersion = 55;
	objects = {

/* Begin PBXBuildFile section */
		782EC7E829C989A10002963A /* Assets.xcassets in Resources */ = {isa = PBXBuildFile; fileRef = 782EC7E729C989A10002963A /* Assets.xcassets */; };
		782EC7EB29C989A10002963A /* Preview Assets.xcassets in Resources */ = {isa = PBXBuildFile; fileRef = 782EC7EA29C989A10002963A /* Preview Assets.xcassets */; };
		782EC7F229C989E30002963A /* Table.swift in Sources */ = {isa = PBXBuildFile; fileRef = 782EC7F129C989E30002963A /* Table.swift */; };
		782EC7F429C98A080002963A /* FruitFlyCounterApp.swift in Sources */ = {isa = PBXBuildFile; fileRef = 782EC7F329C98A080002963A /* FruitFlyCounterApp.swift */; };
		782EC7F629C98A5A0002963A /* InputView.swift in Sources */ = {isa = PBXBuildFile; fileRef = 782EC7F529C98A5A0002963A /* InputView.swift */; };
		782EC7F829C98A690002963A /* MainView.swift in Sources */ = {isa = PBXBuildFile; fileRef = 782EC7F729C98A690002963A /* MainView.swift */; };
		782EC7FA29C98A740002963A /* TablesView.swift in Sources */ = {isa = PBXBuildFile; fileRef = 782EC7F929C98A740002963A /* TablesView.swift */; };
		782EC7FC29C98A840002963A /* TableContentView.swift in Sources */ = {isa = PBXBuildFile; fileRef = 782EC7FB29C98A840002963A /* TableContentView.swift */; };
		782EC80029C98AAA0002963A /* TablesListView.swift in Sources */ = {isa = PBXBuildFile; fileRef = 782EC7FF29C98AAA0002963A /* TablesListView.swift */; };
		782EC80429C98B2B0002963A /* ContentView.swift in Sources */ = {isa = PBXBuildFile; fileRef = 782EC80329C98B2B0002963A /* ContentView.swift */; };
/* End PBXBuildFile section */

/* Begin PBXFileReference section */
		782EC7E029C989A00002963A /* BIOL app v2.app */ = {isa = PBXFileReference; explicitFileType = wrapper.application; includeInIndex = 0; path = "BIOL app v2.app"; sourceTree = BUILT_PRODUCTS_DIR; };
		782EC7E729C989A10002963A /* Assets.xcassets */ = {isa = PBXFileReference; lastKnownFileType = folder.assetcatalog; path = Assets.xcassets; sourceTree = "<group>"; };
		782EC7EA29C989A10002963A /* Preview Assets.xcassets */ = {isa = PBXFileReference; lastKnownFileType = folder.assetcatalog; path = "Preview Assets.xcassets"; sourceTree = "<group>"; };
		782EC7F129C989E30002963A /* Table.swift */ = {isa = PBXFileReference; lastKnownFileType = sourcecode.swift; path = Table.swift; sourceTree = "<group>"; };
		782EC7F329C98A080002963A /* FruitFlyCounterApp.swift */ = {isa = PBXFileReference; lastKnownFileType = sourcecode.swift; path = FruitFlyCounterApp.swift; sourceTree = "<group>"; };
		782EC7F529C98A5A0002963A /* InputView.swift */ = {isa = PBXFileReference; lastKnownFileType = sourcecode.swift; path = InputView.swift; sourceTree = "<group>"; };
		782EC7F729C98A690002963A /* MainView.swift */ = {isa = PBXFileReference; lastKnownFileType = sourcecode.swift; path = MainView.swift; sourceTree = "<group>"; };
		782EC7F929C98A740002963A /* TablesView.swift */ = {isa = PBXFileReference; lastKnownFileType = sourcecode.swift; path = TablesView.swift; sourceTree = "<group>"; };
		782EC7FB29C98A840002963A /* TableContentView.swift */ = {isa = PBXFileReference; lastKnownFileType = sourcecode.swift; path = TableContentView.swift; sourceTree = "<group>"; };
		782EC7FF29C98AAA0002963A /* TablesListView.swift */ = {isa = PBXFileReference; lastKnownFileType = sourcecode.swift; path = TablesListView.swift; sourceTree = "<group>"; };
		782EC80329C98B2B0002963A /* ContentView.swift */ = {isa = PBXFileReference; lastKnownFileType = sourcecode.swift; path = ContentView.swift; sourceTree = "<group>"; };
/* End PBXFileReference section */

/* Begin PBXFrameworksBuildPhase section */
		782EC7DD29C989A00002963A /* Frameworks */ = {
			isa = PBXFrameworksBuildPhase;
			buildActionMask = 2147483647;
			files = (
			);
			runOnlyForDeploymentPostprocessing = 0;
		};
/* End PBXFrameworksBuildPhase section */

/* Begin PBXGroup section */
		782EC7D729C9899F0002963A = {
			isa = PBXGroup;
			children = (
				782EC7E229C989A00002963A /* BIOL app v2 */,
				782EC7E129C989A00002963A /* Products */,
			);
			sourceTree = "<group>";
		};
		782EC7E129C989A00002963A /* Products */ = {
			isa = PBXGroup;
			children = (
				782EC7E029C989A00002963A /* BIOL app v2.app */,
			);
			name = Products;
			sourceTree = "<group>";
		};
		782EC7E229C989A00002963A /* BIOL app v2 */ = {
			isa = PBXGroup;
			children = (
				782EC7E729C989A10002963A /* Assets.xcassets */,
				782EC7F129C989E30002963A /* Table.swift */,
				782EC7F329C98A080002963A /* FruitFlyCounterApp.swift */,
				782EC7F529C98A5A0002963A /* InputView.swift */,
				782EC7F729C98A690002963A /* MainView.swift */,
				782EC7F929C98A740002963A /* TablesView.swift */,
				782EC7FB29C98A840002963A /* TableContentView.swift */,
				782EC80329C98B2B0002963A /* ContentView.swift */,
				782EC7FF29C98AAA0002963A /* TablesListView.swift */,
				782EC7E929C989A10002963A /* Preview Content */,
			);
			path = "BIOL app v2";
			sourceTree = "<group>";
		};
		782EC7E929C989A10002963A /* Preview Content */ = {
			isa = PBXGroup;
			children = (
				782EC7EA29C989A10002963A /* Preview Assets.xcassets */,
			);
			path = "Preview Content";
			sourceTree = "<group>";
		};
/* End PBXGroup section */

/* Begin PBXNativeTarget section */
		782EC7DF29C989A00002963A /* BIOL app v2 */ = {
			isa = PBXNativeTarget;
			buildConfigurationList = 782EC7EE29C989A10002963A /* Build configuration list for PBXNativeTarget "BIOL app v2" */;
			buildPhases = (
				782EC7DC29C989A00002963A /* Sources */,
				782EC7DD29C989A00002963A /* Frameworks */,
				782EC7DE29C989A00002963A /* Resources */,
			);
			buildRules = (
			);
			dependencies = (
			);
			name = "BIOL app v2";
			productName = "BIOL app v2";
			productReference = 782EC7E029C989A00002963A /* BIOL app v2.app */;
			productType = "com.apple.product-type.application";
		};
/* End PBXNativeTarget section */

/* Begin PBXProject section */
		782EC7D829C9899F0002963A /* Project object */ = {
			isa = PBXProject;
			attributes = {
				BuildIndependentTargetsInParallel = 1;
				LastSwiftUpdateCheck = 1330;
				LastUpgradeCheck = 1330;
				TargetAttributes = {
					782EC7DF29C989A00002963A = {
						CreatedOnToolsVersion = 13.3;
						LastSwiftMigration = 1330;
					};
				};
			};
			buildConfigurationList = 782EC7DB29C9899F0002963A /* Build configuration list for PBXProject "BIOL app v2" */;
			compatibilityVersion = "Xcode 13.0";
			developmentRegion = en;
			hasScannedForEncodings = 0;
			knownRegions = (
				en,
				Base,
			);
			mainGroup = 782EC7D729C9899F0002963A;
			productRefGroup = 782EC7E129C989A00002963A /* Products */;
			projectDirPath = "";
			projectRoot = "";
			targets = (
				782EC7DF29C989A00002963A /* BIOL app v2 */,
			);
		};
/* End PBXProject section */

/* Begin PBXResourcesBuildPhase section */
		782EC7DE29C989A00002963A /* Resources */ = {
			isa = PBXResourcesBuildPhase;
			buildActionMask = 2147483647;
			files = (
				782EC7EB29C989A10002963A /* Preview Assets.xcassets in Resources */,
				782EC7E829C989A10002963A /* Assets.xcassets in Resources */,
			);
			runOnlyForDeploymentPostprocessing = 0;
		};
/* End PBXResourcesBuildPhase section */

/* Begin PBXSourcesBuildPhase section */
		782EC7DC29C989A00002963A /* Sources */ = {
			isa = PBXSourcesBuildPhase;
			buildActionMask = 2147483647;
			files = (
				782EC7F629C98A5A0002963A /* InputView.swift in Sources */,
				782EC80029C98AAA0002963A /* TablesListView.swift in Sources */,
				782EC7F829C98A690002963A /* MainView.swift in Sources */,
				782EC7F229C989E30002963A /* Table.swift in Sources */,
				782EC7FA29C98A740002963A /* TablesView.swift in Sources */,
				782EC7F429C98A080002963A /* FruitFlyCounterApp.swift in Sources */,
				782EC80429C98B2B0002963A /* ContentView.swift in Sources */,
				782EC7FC29C98A840002963A /* TableContentView.swift in Sources */,
			);
			runOnlyForDeploymentPostprocessing = 0;
		};
/* End PBXSourcesBuildPhase section */

/* Begin XCBuildConfiguration section */
		782EC7EC29C989A10002963A /* Debug */ = {
			isa = XCBuildConfiguration;
			buildSettings = {
				ALWAYS_SEARCH_USER_PATHS = NO;
				CLANG_ANALYZER_NONNULL = YES;
				CLANG_ANALYZER_NUMBER_OBJECT_CONVERSION = YES_AGGRESSIVE;
				CLANG_CXX_LANGUAGE_STANDARD = "gnu++17";
				CLANG_ENABLE_MODULES = YES;
				CLANG_ENABLE_OBJC_ARC = YES;
				CLANG_ENABLE_OBJC_WEAK = YES;
				CLANG_WARN_BLOCK_CAPTURE_AUTORELEASING = YES;
				CLANG_WARN_BOOL_CONVERSION = YES;
				CLANG_WARN_COMMA = YES;
				CLANG_WARN_CONSTANT_CONVERSION = YES;
				CLANG_WARN_DEPRECATED_OBJC_IMPLEMENTATIONS = YES;
				CLANG_WARN_DIRECT_OBJC_ISA_USAGE = YES_ERROR;
				CLANG_WARN_DOCUMENTATION_COMMENTS = YES;
				CLANG_WARN_EMPTY_BODY = YES;
				CLANG_WARN_ENUM_CONVERSION = YES;
				CLANG_WARN_INFINITE_RECURSION = YES;
				CLANG_WARN_INT_CONVERSION = YES;
				CLANG_WARN_NON_LITERAL_NULL_CONVERSION = YES;
				CLANG_WARN_OBJC_IMPLICIT_RETAIN_SELF = YES;
				CLANG_WARN_OBJC_LITERAL_CONVERSION = YES;
				CLANG_WARN_OBJC_ROOT_CLASS = YES_ERROR;
				CLANG_WARN_QUOTED_INCLUDE_IN_FRAMEWORK_HEADER = YES;
				CLANG_WARN_RANGE_LOOP_ANALYSIS = YES;
				CLANG_WARN_STRICT_PROTOTYPES = YES;
				CLANG_WARN_SUSPICIOUS_MOVE = YES;
				CLANG_WARN_UNGUARDED_AVAILABILITY = YES_AGGRESSIVE;
				CLANG_WARN_UNREACHABLE_CODE = YES;
				CLANG_WARN__DUPLICATE_METHOD_MATCH = YES;
				COPY_PHASE_STRIP = NO;
				DEBUG_INFORMATION_FORMAT = dwarf;
				ENABLE_STRICT_OBJC_MSGSEND = YES;
				ENABLE_TESTABILITY = YES;
				GCC_C_LANGUAGE_STANDARD = gnu11;
				GCC_DYNAMIC_NO_PIC = NO;
				GCC_NO_COMMON_BLOCKS = YES;
				GCC_OPTIMIZATION_LEVEL = 0;
				GCC_PREPROCESSOR_DEFINITIONS = (
					"DEBUG=1",
					"$(inherited)",
				);
				GCC_WARN_64_TO_32_BIT_CONVERSION = YES;
				GCC_WARN_ABOUT_RETURN_TYPE = YES_ERROR;
				GCC_WARN_UNDECLARED_SELECTOR = YES;
				GCC_WARN_UNINITIALIZED_AUTOS = YES_AGGRESSIVE;
				GCC_WARN_UNUSED_FUNCTION = YES;
				GCC_WARN_UNUSED_VARIABLE = YES;
				IPHONEOS_DEPLOYMENT_TARGET = 15.4;
				MTL_ENABLE_DEBUG_INFO = INCLUDE_SOURCE;
				MTL_FAST_MATH = YES;
				ONLY_ACTIVE_ARCH = YES;
				SDKROOT = iphoneos;
				SWIFT_ACTIVE_COMPILATION_CONDITIONS = DEBUG;
				SWIFT_OPTIMIZATION_LEVEL = "-Onone";
			};
			name = Debug;
		};
		782EC7ED29C989A10002963A /* Release */ = {
			isa = XCBuildConfiguration;
			buildSettings = {
				ALWAYS_SEARCH_USER_PATHS = NO;
				CLANG_ANALYZER_NONNULL = YES;
				CLANG_ANALYZER_NUMBER_OBJECT_CONVERSION = YES_AGGRESSIVE;
				CLANG_CXX_LANGUAGE_STANDARD = "gnu++17";
				CLANG_ENABLE_MODULES = YES;
				CLANG_ENABLE_OBJC_ARC = YES;
				CLANG_ENABLE_OBJC_WEAK = YES;
				CLANG_WARN_BLOCK_CAPTURE_AUTORELEASING = YES;
				CLANG_WARN_BOOL_CONVERSION = YES;
				CLANG_WARN_COMMA = YES;
				CLANG_WARN_CONSTANT_CONVERSION = YES;
				CLANG_WARN_DEPRECATED_OBJC_IMPLEMENTATIONS = YES;
				CLANG_WARN_DIRECT_OBJC_ISA_USAGE = YES_ERROR;
				CLANG_WARN_DOCUMENTATION_COMMENTS = YES;
				CLANG_WARN_EMPTY_BODY = YES;
				CLANG_WARN_ENUM_CONVERSION = YES;
				CLANG_WARN_INFINITE_RECURSION = YES;
				CLANG_WARN_INT_CONVERSION = YES;
				CLANG_WARN_NON_LITERAL_NULL_CONVERSION = YES;
				CLANG_WARN_OBJC_IMPLICIT_RETAIN_SELF = YES;
				CLANG_WARN_OBJC_LITERAL_CONVERSION = YES;
				CLANG_WARN_OBJC_ROOT_CLASS = YES_ERROR;
				CLANG_WARN_QUOTED_INCLUDE_IN_FRAMEWORK_HEADER = YES;
				CLANG_WARN_RANGE_LOOP_ANALYSIS = YES;
				CLANG_WARN_STRICT_PROTOTYPES = YES;
				CLANG_WARN_SUSPICIOUS_MOVE = YES;
				CLANG_WARN_UNGUARDED_AVAILABILITY = YES_AGGRESSIVE;
				CLANG_WARN_UNREACHABLE_CODE = YES;
				CLANG_WARN__DUPLICATE_METHOD_MATCH = YES;
				COPY_PHASE_STRIP = NO;
				DEBUG_INFORMATION_FORMAT = "dwarf-with-dsym";
				ENABLE_NS_ASSERTIONS = NO;
				ENABLE_STRICT_OBJC_MSGSEND = YES;
				GCC_C_LANGUAGE_STANDARD = gnu11;
				GCC_NO_COMMON_BLOCKS = YES;
				GCC_WARN_64_TO_32_BIT_CONVERSION = YES;
				GCC_WARN_ABOUT_RETURN_TYPE = YES_ERROR;
				GCC_WARN_UNDECLARED_SELECTOR = YES;
				GCC_WARN_UNINITIALIZED_AUTOS = YES_AGGRESSIVE;
				GCC_WARN_UNUSED_FUNCTION = YES;
				GCC_WARN_UNUSED_VARIABLE = YES;
				IPHONEOS_DEPLOYMENT_TARGET = 15.4;
				MTL_ENABLE_DEBUG_INFO = NO;
				MTL_FAST_MATH = YES;
				SDKROOT = iphoneos;
				SWIFT_COMPILATION_MODE = wholemodule;
				SWIFT_OPTIMIZATION_LEVEL = "-O";
				VALIDATE_PRODUCT = YES;
			};
			name = Release;
		};
		782EC7EF29C989A10002963A /* Debug */ = {
			isa = XCBuildConfiguration;
			buildSettings = {
				ASSETCATALOG_COMPILER_APPICON_NAME = AppIcon;
				ASSETCATALOG_COMPILER_GLOBAL_ACCENT_COLOR_NAME = AccentColor;
				CLANG_ENABLE_MODULES = YES;
				CODE_SIGN_STYLE = Automatic;
				CURRENT_PROJECT_VERSION = 1;
				DEVELOPMENT_ASSET_PATHS = "\"BIOL app v2/Preview Content\"";
				DEVELOPMENT_TEAM = 9TG48H5B2F;
				ENABLE_PREVIEWS = YES;
				GENERATE_INFOPLIST_FILE = YES;
				INFOPLIST_KEY_UIApplicationSceneManifest_Generation = YES;
				INFOPLIST_KEY_UIApplicationSupportsIndirectInputEvents = YES;
				INFOPLIST_KEY_UILaunchScreen_Generation = YES;
				INFOPLIST_KEY_UISupportedInterfaceOrientations_iPad = "UIInterfaceOrientationPortrait UIInterfaceOrientationPortraitUpsideDown UIInterfaceOrientationLandscapeLeft UIInterfaceOrientationLandscapeRight";
				INFOPLIST_KEY_UISupportedInterfaceOrientations_iPhone = "UIInterfaceOrientationPortrait UIInterfaceOrientationLandscapeLeft UIInterfaceOrientationLandscapeRight";
				LD_RUNPATH_SEARCH_PATHS = (
					"$(inherited)",
					"@executable_path/Frameworks",
				);
				MARKETING_VERSION = 1.0;
				PRODUCT_BUNDLE_IDENTIFIER = "Salad5413.rpi.edu.BIOL-app-v2";
				PRODUCT_NAME = "$(TARGET_NAME)";
				SWIFT_EMIT_LOC_STRINGS = YES;
				SWIFT_OPTIMIZATION_LEVEL = "-Onone";
				SWIFT_VERSION = 5.0;
				TARGETED_DEVICE_FAMILY = "1,2";
			};
			name = Debug;
		};
		782EC7F029C989A10002963A /* Release */ = {
			isa = XCBuildConfiguration;
			buildSettings = {
				ASSETCATALOG_COMPILER_APPICON_NAME = AppIcon;
				ASSETCATALOG_COMPILER_GLOBAL_ACCENT_COLOR_NAME = AccentColor;
				CLANG_ENABLE_MODULES = YES;
				CODE_SIGN_STYLE = Automatic;
				CURRENT_PROJECT_VERSION = 1;
				DEVELOPMENT_ASSET_PATHS = "\"BIOL app v2/Preview Content\"";
				DEVELOPMENT_TEAM = 9TG48H5B2F;
				ENABLE_PREVIEWS = YES;
				GENERATE_INFOPLIST_FILE = YES;
				INFOPLIST_KEY_UIApplicationSceneManifest_Generation = YES;
				INFOPLIST_KEY_UIApplicationSupportsIndirectInputEvents = YES;
				INFOPLIST_KEY_UILaunchScreen_Generation = YES;
				INFOPLIST_KEY_UISupportedInterfaceOrientations_iPad = "UIInterfaceOrientationPortrait UIInterfaceOrientationPortraitUpsideDown UIInterfaceOrientationLandscapeLeft UIInterfaceOrientationLandscapeRight";
				INFOPLIST_KEY_UISupportedInterfaceOrientations_iPhone = "UIInterfaceOrientationPortrait UIInterfaceOrientationLandscapeLeft UIInterfaceOrientationLandscapeRight";
				LD_RUNPATH_SEARCH_PATHS = (
					"$(inherited)",
					"@executable_path/Frameworks",
				);
				MARKETING_VERSION = 1.0;
				PRODUCT_BUNDLE_IDENTIFIER = "Salad5413.rpi.edu.BIOL-app-v2";
				PRODUCT_NAME = "$(TARGET_NAME)";
				SWIFT_EMIT_LOC_STRINGS = YES;
				SWIFT_VERSION = 5.0;
				TARGETED_DEVICE_FAMILY = "1,2";
			};
			name = Release;
		};
/* End XCBuildConfiguration section */

/* Begin XCConfigurationList section */
		782EC7DB29C9899F0002963A /* Build configuration list for PBXProject "BIOL app v2" */ = {
			isa = XCConfigurationList;
			buildConfigurations = (
				782EC7EC29C989A10002963A /* Debug */,
				782EC7ED29C989A10002963A /* Release */,
			);
			defaultConfigurationIsVisible = 0;
			defaultConfigurationName = Release;
		};
		782EC7EE29C989A10002963A /* Build configuration list for PBXNativeTarget "BIOL app v2" */ = {
			isa = XCConfigurationList;
			buildConfigurations = (
				782EC7EF29C989A10002963A /* Debug */,
				782EC7F029C989A10002963A /* Release */,
			);
			defaultConfigurationIsVisible = 0;
			defaultConfigurationName = Release;
		};
/* End XCConfigurationList section */
	};
	rootObject = 782EC7D829C9899F0002963A /* Project object */;
}
